
Microsoft Visual Studio Solution File, Format Version 12.00
# Visual Studio Version 17
VisualStudioVersion = 17.5.33530.505
MinimumVisualStudioVersion = 10.0.40219.1
Project("{9A19103F-16F7-4668-BE54-9A1E7A4F7556}") = "MailSistemTask", "MailSistemTask\MailSistemTask.csproj", "{54C2FF11-D95A-4893-A717-66B8EC86E347}"
EndProject
Project("{9A19103F-16F7-4668-BE54-9A1E7A4F7556}") = "Admins", "User\Admins.csproj", "{90D4F996-0488-419F-88D0-760829FB8E2D}"
EndProject
Project("{9A19103F-16F7-4668-BE54-9A1E7A4F7556}") = "Posts", "Post\Posts.csproj", "{2684A908-38FC-4B1C-869D-37A56C7C1378}"
EndProject
Project("{9A19103F-16F7-4668-BE54-9A1E7A4F7556}") = "Users", "Users\Users.csproj", "{2B839C7A-5889-41FB-9B46-84C2579A7C85}"
EndProject
Project("{FAE04EC0-301F-11D3-BF4B-00C04F79EFBC}") = "CostomerException", "CostomerException\CostomerException.csproj", "{8ED98CE7-B551-41B4-A773-6B0E49F28D74}"
EndProject
Global
	GlobalSection(SolutionConfigurationPlatforms) = preSolution
		Debug|Any CPU = Debug|Any CPU
		Release|Any CPU = Release|Any CPU
	EndGlobalSection
	GlobalSection(ProjectConfigurationPlatforms) = postSolution
		{54C2FF11-D95A-4893-A717-66B8EC86E347}.Debug|Any CPU.ActiveCfg = Debug|Any CPU
		{54C2FF11-D95A-4893-A717-66B8EC86E347}.Debug|Any CPU.Build.0 = Debug|Any CPU
		{54C2FF11-D95A-4893-A717-66B8EC86E347}.Release|Any CPU.ActiveCfg = Release|Any CPU
		{54C2FF11-D95A-4893-A717-66B8EC86E347}.Release|Any CPU.Build.0 = Release|Any CPU
		{90D4F996-0488-419F-88D0-760829FB8E2D}.Debug|Any CPU.ActiveCfg = Debug|Any CPU
		{90D4F996-0488-419F-88D0-760829FB8E2D}.Debug|Any CPU.Build.0 = Debug|Any CPU
		{90D4F996-0488-419F-88D0-760829FB8E2D}.Release|Any CPU.ActiveCfg = Release|Any CPU
		{90D4F996-0488-419F-88D0-760829FB8E2D}.Release|Any CPU.Build.0 = Release|Any CPU
		{2684A908-38FC-4B1C-869D-37A56C7C1378}.Debug|Any CPU.ActiveCfg = Debug|Any CPU
		{2684A908-38FC-4B1C-869D-37A56C7C1378}.Debug|Any CPU.Build.0 = Debug|Any CPU
		{2684A908-38FC-4B1C-869D-37A56C7C1378}.Release|Any CPU.ActiveCfg = Release|Any CPU
		{2684A908-38FC-4B1C-869D-37A56C7C1378}.Release|Any CPU.Build.0 = Release|Any CPU
		{2B839C7A-5889-41FB-9B46-84C2579A7C85}.Debug|Any CPU.ActiveCfg = Debug|Any CPU
		{2B839C7A-5889-41FB-9B46-84C2579A7C85}.Debug|Any CPU.Build.0 = Debug|Any CPU
		{2B839C7A-5889-41FB-9B46-84C2579A7C85}.Release|Any CPU.ActiveCfg = Release|Any CPU
		{2B839C7A-5889-41FB-9B46-84C2579A7C85}.Release|Any CPU.Build.0 = Release|Any CPU
		{8ED98CE7-B551-41B4-A773-6B0E49F28D74}.Debug|Any CPU.ActiveCfg = Debug|Any CPU
		{8ED98CE7-B551-41B4-A773-6B0E49F28D74}.Debug|Any CPU.Build.0 = Debug|Any CPU
		{8ED98CE7-B551-41B4-A773-6B0E49F28D74}.Release|Any CPU.ActiveCfg = Release|Any CPU
		{8ED98CE7-B551-41B4-A773-6B0E49F28D74}.Release|Any CPU.Build.0 = Release|Any CPU
	EndGlobalSection
	GlobalSection(SolutionProperties) = preSolution
		HideSolutionNode = FALSE
	EndGlobalSection
	GlobalSection(ExtensibilityGlobals) = postSolution
		SolutionGuid = {96399EC1-EDF5-4EB7-B2CE-B330AA7C67B2}
	EndGlobalSection
EndGlobal
